
Microsoft Visual Studio Solution File, Format Version 12.00
# Visual Studio Version 17
VisualStudioVersion = 17.8.34511.84
MinimumVisualStudioVersion = 10.0.40219.1
Project("{FAE04EC0-301F-11D3-BF4B-00C04F79EFBC}") = "BlogAPI", "BlogAPI\BlogAPI.csproj", "{201B3082-CA9A-41CC-BB46-B7C87770436B}"
EndProject
Global
	GlobalSection(SolutionConfigurationPlatforms) = preSolution
		Debug|Any CPU = Debug|Any CPU
		Release|Any CPU = Release|Any CPU
	EndGlobalSection
	GlobalSection(ProjectConfigurationPlatforms) = postSolution
		{201B3082-CA9A-41CC-BB46-B7C87770436B}.Debug|Any CPU.ActiveCfg = Debug|Any CPU
		{201B3082-CA9A-41CC-BB46-B7C87770436B}.Debug|Any CPU.Build.0 = Debug|Any CPU
		{201B3082-CA9A-41CC-BB46-B7C87770436B}.Release|Any CPU.ActiveCfg = Release|Any CPU
		{201B3082-CA9A-41CC-BB46-B7C87770436B}.Release|Any CPU.Build.0 = Release|Any CPU
	EndGlobalSection
	GlobalSection(SolutionProperties) = preSolution
		HideSolutionNode = FALSE
	EndGlobalSection
	GlobalSection(ExtensibilityGlobals) = postSolution
		SolutionGuid = {3CD7D631-6113-4817-8E09-98605F7405A8}
	EndGlobalSection
EndGlobal
